
Microsoft Visual Studio Solution File, Format Version 12.00
# Visual Studio Version 17
VisualStudioVersion = 17.0.32112.339
MinimumVisualStudioVersion = 10.0.40219.1
Project("{FAE04EC0-301F-11D3-BF4B-00C04F79EFBC}") = "Ficha_5", "Ficha_5.csproj", "{C11F5310-8145-48A9-B90F-BCF041DA5099}"
EndProject
Global
	GlobalSection(SolutionConfigurationPlatforms) = preSolution
		Debug|Any CPU = Debug|Any CPU
		Release|Any CPU = Release|Any CPU
	EndGlobalSection
	GlobalSection(ProjectConfigurationPlatforms) = postSolution
		{C11F5310-8145-48A9-B90F-BCF041DA5099}.Debug|Any CPU.ActiveCfg = Debug|Any CPU
		{C11F5310-8145-48A9-B90F-BCF041DA5099}.Debug|Any CPU.Build.0 = Debug|Any CPU
		{C11F5310-8145-48A9-B90F-BCF041DA5099}.Release|Any CPU.ActiveCfg = Release|Any CPU
		{C11F5310-8145-48A9-B90F-BCF041DA5099}.Release|Any CPU.Build.0 = Release|Any CPU
	EndGlobalSection
	GlobalSection(SolutionProperties) = preSolution
		HideSolutionNode = FALSE
	EndGlobalSection
	GlobalSection(ExtensibilityGlobals) = postSolution
		SolutionGuid = {4367EC01-7BCB-49FF-8215-B50C59F6620B}
	EndGlobalSection
EndGlobal
